
Microsoft Visual Studio Solution File, Format Version 12.00
# Visual Studio Version 17
VisualStudioVersion = 17.0.31903.59
MinimumVisualStudioVersion = 10.0.40219.1
Project("{2150E333-8FDC-42A3-9474-1A3956D46DE8}") = "src", "src", "{61703B75-B4AC-4CA9-AD30-E1D6062E029E}"
EndProject
Project("{2150E333-8FDC-42A3-9474-1A3956D46DE8}") = "BFF", "BFF", "{EAE6BB7A-4A1F-4265-B16F-3C0A48076488}"
EndProject
Project("{FAE04EC0-301F-11D3-BF4B-00C04F79EFBC}") = "IservInternship.BFF.Web", "src\BFF\IservInternship.BFF.Web\IservInternship.BFF.Web.csproj", "{5A511163-5C73-47AA-8E41-BF5B9462E5D1}"
EndProject
Project("{2150E333-8FDC-42A3-9474-1A3956D46DE8}") = "Account", "Account", "{8AE657C4-D447-4F7F-9E44-922C673433AD}"
EndProject
Project("{2150E333-8FDC-42A3-9474-1A3956D46DE8}") = "tests", "tests", "{56FFE426-3888-44DE-9EE7-4358E9CA7318}"
EndProject
Project("{FAE04EC0-301F-11D3-BF4B-00C04F79EFBC}") = "IservInternship.Application.Tests", "tests\IservInternship.Application.Tests\IservInternship.Application.Tests.csproj", "{DC574C48-9810-47B7-80B6-F9822361C427}"
EndProject
Project("{FAE04EC0-301F-11D3-BF4B-00C04F79EFBC}") = "IservInternship.Account.Infrastructure", "src\Account\IservInternship.Account.Infrastructure\IservInternship.Account.Infrastructure.csproj", "{4EDC31E4-2495-4DD4-975B-2DCA24536A34}"
EndProject
Project("{FAE04EC0-301F-11D3-BF4B-00C04F79EFBC}") = "IservInternship.Account.Services", "src\Account\IservInternship.Account.Services\IservInternship.Account.Services.csproj", "{83F8A9B9-B10C-47A6-BFDF-1C446DA30A7D}"
EndProject
Project("{2150E333-8FDC-42A3-9474-1A3956D46DE8}") = "shared", "shared", "{02EA681E-C7D8-13C7-8484-4AC65E1B71E8}"
EndProject
Project("{FAE04EC0-301F-11D3-BF4B-00C04F79EFBC}") = "IservInternship.Commons", "src\Shared\IservInternship.Commons\IservInternship.Commons.csproj", "{0446F5D4-18E0-4439-A207-AEBBA82380A0}"
EndProject
Project("{FAE04EC0-301F-11D3-BF4B-00C04F79EFBC}") = "IservInternship.Contracts", "src\Shared\IservInternship.Contracts\IservInternship.Contracts.csproj", "{27CDDF05-2430-4877-A557-4E131EBE252D}"
EndProject
Project("{FAE04EC0-301F-11D3-BF4B-00C04F79EFBC}") = "IservInternship.Domain", "src\Shared\IservInternship.Domain\IservInternship.Domain.csproj", "{76EE1E34-8B5F-4C0B-A453-5C6C0194E93C}"
EndProject
Project("{FAE04EC0-301F-11D3-BF4B-00C04F79EFBC}") = "IservInternship.Domain.Account", "src\Shared\IservInternship.Domain.Account\IservInternship.Domain.Account.csproj", "{EE0033C3-F4F9-4F48-B6C8-C6A791ECD030}"
EndProject
Global
	GlobalSection(SolutionConfigurationPlatforms) = preSolution
		Debug|Any CPU = Debug|Any CPU
		Release|Any CPU = Release|Any CPU
	EndGlobalSection
	GlobalSection(ProjectConfigurationPlatforms) = postSolution
		{5A511163-5C73-47AA-8E41-BF5B9462E5D1}.Debug|Any CPU.ActiveCfg = Debug|Any CPU
		{5A511163-5C73-47AA-8E41-BF5B9462E5D1}.Debug|Any CPU.Build.0 = Debug|Any CPU
		{5A511163-5C73-47AA-8E41-BF5B9462E5D1}.Release|Any CPU.ActiveCfg = Release|Any CPU
		{5A511163-5C73-47AA-8E41-BF5B9462E5D1}.Release|Any CPU.Build.0 = Release|Any CPU
		{DC574C48-9810-47B7-80B6-F9822361C427}.Debug|Any CPU.ActiveCfg = Debug|Any CPU
		{DC574C48-9810-47B7-80B6-F9822361C427}.Debug|Any CPU.Build.0 = Debug|Any CPU
		{DC574C48-9810-47B7-80B6-F9822361C427}.Release|Any CPU.ActiveCfg = Release|Any CPU
		{DC574C48-9810-47B7-80B6-F9822361C427}.Release|Any CPU.Build.0 = Release|Any CPU
		{4EDC31E4-2495-4DD4-975B-2DCA24536A34}.Debug|Any CPU.ActiveCfg = Debug|Any CPU
		{4EDC31E4-2495-4DD4-975B-2DCA24536A34}.Debug|Any CPU.Build.0 = Debug|Any CPU
		{4EDC31E4-2495-4DD4-975B-2DCA24536A34}.Release|Any CPU.ActiveCfg = Release|Any CPU
		{4EDC31E4-2495-4DD4-975B-2DCA24536A34}.Release|Any CPU.Build.0 = Release|Any CPU
		{83F8A9B9-B10C-47A6-BFDF-1C446DA30A7D}.Debug|Any CPU.ActiveCfg = Debug|Any CPU
		{83F8A9B9-B10C-47A6-BFDF-1C446DA30A7D}.Debug|Any CPU.Build.0 = Debug|Any CPU
		{83F8A9B9-B10C-47A6-BFDF-1C446DA30A7D}.Release|Any CPU.ActiveCfg = Release|Any CPU
		{83F8A9B9-B10C-47A6-BFDF-1C446DA30A7D}.Release|Any CPU.Build.0 = Release|Any CPU
		{0446F5D4-18E0-4439-A207-AEBBA82380A0}.Debug|Any CPU.ActiveCfg = Debug|Any CPU
		{0446F5D4-18E0-4439-A207-AEBBA82380A0}.Debug|Any CPU.Build.0 = Debug|Any CPU
		{0446F5D4-18E0-4439-A207-AEBBA82380A0}.Release|Any CPU.ActiveCfg = Release|Any CPU
		{0446F5D4-18E0-4439-A207-AEBBA82380A0}.Release|Any CPU.Build.0 = Release|Any CPU
		{27CDDF05-2430-4877-A557-4E131EBE252D}.Debug|Any CPU.ActiveCfg = Debug|Any CPU
		{27CDDF05-2430-4877-A557-4E131EBE252D}.Debug|Any CPU.Build.0 = Debug|Any CPU
		{27CDDF05-2430-4877-A557-4E131EBE252D}.Release|Any CPU.ActiveCfg = Release|Any CPU
		{27CDDF05-2430-4877-A557-4E131EBE252D}.Release|Any CPU.Build.0 = Release|Any CPU
		{76EE1E34-8B5F-4C0B-A453-5C6C0194E93C}.Debug|Any CPU.ActiveCfg = Debug|Any CPU
		{76EE1E34-8B5F-4C0B-A453-5C6C0194E93C}.Debug|Any CPU.Build.0 = Debug|Any CPU
		{76EE1E34-8B5F-4C0B-A453-5C6C0194E93C}.Release|Any CPU.ActiveCfg = Release|Any CPU
		{76EE1E34-8B5F-4C0B-A453-5C6C0194E93C}.Release|Any CPU.Build.0 = Release|Any CPU
		{EE0033C3-F4F9-4F48-B6C8-C6A791ECD030}.Debug|Any CPU.ActiveCfg = Debug|Any CPU
		{EE0033C3-F4F9-4F48-B6C8-C6A791ECD030}.Debug|Any CPU.Build.0 = Debug|Any CPU
		{EE0033C3-F4F9-4F48-B6C8-C6A791ECD030}.Release|Any CPU.ActiveCfg = Release|Any CPU
		{EE0033C3-F4F9-4F48-B6C8-C6A791ECD030}.Release|Any CPU.Build.0 = Release|Any CPU
	EndGlobalSection
	GlobalSection(SolutionProperties) = preSolution
		HideSolutionNode = FALSE
	EndGlobalSection
	GlobalSection(NestedProjects) = preSolution
		{EAE6BB7A-4A1F-4265-B16F-3C0A48076488} = {61703B75-B4AC-4CA9-AD30-E1D6062E029E}
		{5A511163-5C73-47AA-8E41-BF5B9462E5D1} = {EAE6BB7A-4A1F-4265-B16F-3C0A48076488}
		{8AE657C4-D447-4F7F-9E44-922C673433AD} = {61703B75-B4AC-4CA9-AD30-E1D6062E029E}
		{DC574C48-9810-47B7-80B6-F9822361C427} = {56FFE426-3888-44DE-9EE7-4358E9CA7318}
		{4EDC31E4-2495-4DD4-975B-2DCA24536A34} = {8AE657C4-D447-4F7F-9E44-922C673433AD}
		{83F8A9B9-B10C-47A6-BFDF-1C446DA30A7D} = {8AE657C4-D447-4F7F-9E44-922C673433AD}
		{0446F5D4-18E0-4439-A207-AEBBA82380A0} = {02EA681E-C7D8-13C7-8484-4AC65E1B71E8}
		{27CDDF05-2430-4877-A557-4E131EBE252D} = {02EA681E-C7D8-13C7-8484-4AC65E1B71E8}
		{76EE1E34-8B5F-4C0B-A453-5C6C0194E93C} = {02EA681E-C7D8-13C7-8484-4AC65E1B71E8}
		{EE0033C3-F4F9-4F48-B6C8-C6A791ECD030} = {02EA681E-C7D8-13C7-8484-4AC65E1B71E8}
	EndGlobalSection
	GlobalSection(ExtensibilityGlobals) = postSolution
		SolutionGuid = {7DDC5775-C0BD-455A-8BA0-BE3A90DF3620}
	EndGlobalSection
EndGlobal
